
Microsoft Visual Studio Solution File, Format Version 12.00
# Visual Studio Version 17
VisualStudioVersion = 17.1.32210.238
MinimumVisualStudioVersion = 10.0.40219.1
Project("{FAE04EC0-301F-11D3-BF4B-00C04F79EFBC}") = "Logger Custom Exception and Dependency Injection Example", "Logger Custom Exception and Dependency Injection Example\Logger Custom Exception and Dependency Injection Example.csproj", "{BB028C4E-1C6B-4FAF-A5E3-7C33BE289C43}"
EndProject
Global
	GlobalSection(SolutionConfigurationPlatforms) = preSolution
		Debug|Any CPU = Debug|Any CPU
		Release|Any CPU = Release|Any CPU
	EndGlobalSection
	GlobalSection(ProjectConfigurationPlatforms) = postSolution
		{BB028C4E-1C6B-4FAF-A5E3-7C33BE289C43}.Debug|Any CPU.ActiveCfg = Debug|Any CPU
		{BB028C4E-1C6B-4FAF-A5E3-7C33BE289C43}.Debug|Any CPU.Build.0 = Debug|Any CPU
		{BB028C4E-1C6B-4FAF-A5E3-7C33BE289C43}.Release|Any CPU.ActiveCfg = Release|Any CPU
		{BB028C4E-1C6B-4FAF-A5E3-7C33BE289C43}.Release|Any CPU.Build.0 = Release|Any CPU
	EndGlobalSection
	GlobalSection(SolutionProperties) = preSolution
		HideSolutionNode = FALSE
	EndGlobalSection
	GlobalSection(ExtensibilityGlobals) = postSolution
		SolutionGuid = {C7A7FF52-9DC6-4EC4-9D2E-7626F8CD77A6}
	EndGlobalSection
EndGlobal
